akshare==1.18.64
beautifulsoup4==4.15.0
certifi==2026.6.17
cffi==2.1.0
charset-normalizer==3.4.9
colorama==0.4.6
curl_cffi==0.15.0
decorator==5.3.1
et_xmlfile==2.0.0
html5lib==1.1
idna==3.18
jsonpath==0.82.2
lxml==6.1.1
markdown-it-py==4.2.0
mdurl==0.1.2
mini-racer==0.14.1
numpy==2.5.1
openpyxl==3.1.5
packaging==26.2
pandas==3.0.3
pycparser==3.0
Pygments==2.20.0
python-dateutil==2.9.0.post0
requests==2.34.2
rich==15.0.0
setuptools==83.0.0
six==1.17.0
soupsieve==2.8.4
tabulate==0.10.0
tqdm==4.68.4
typing_extensions==4.16.0
tzdata==2026.2
urllib3==2.7.0
webencodings==0.5.1
wheel==0.47.0
xlrd==2.0.2
